// !$*UTF8*$!
{
	archiveVersion = 1;
	classes = {
	};
	objectVersion = 50;
	objects = {

/* Begin PBXBuildFile section */
		6DBF1E852616C35300285297 /* Assets.xcassets in Resources */ = {isa = PBXBuildFile; fileRef = 6DBF1E842616C35300285297 /* Assets.xcassets */; };
		6DBF1E882616C35300285297 /* Main.storyboard in Resources */ = {isa = PBXBuildFile; fileRef = 6DBF1E862616C35300285297 /* Main.storyboard */; };
		6DBF1E942616C35300285297 /* Bash_Profile_PersistenceTests.swift in Sources */ = {isa = PBXBuildFile; fileRef = 6DBF1E932616C35300285297 /* Bash_Profile_PersistenceTests.swift */; };
		6DBF1E9F2616C35300285297 /* Bash_Profile_PersistenceUITests.swift in Sources */ = {isa = PBXBuildFile; fileRef = 6DBF1E9E2616C35300285297 /* Bash_Profile_PersistenceUITests.swift */; };
		6DBF1EB02616C36600285297 /* main.swift in Sources */ = {isa = PBXBuildFile; fileRef = 6DBF1EAF2616C36600285297 /* main.swift */; };
/* End PBXBuildFile section */

/* Begin PBXContainerItemProxy section */
		6DBF1E902616C35300285297 /* PBXContainerItemProxy */ = {
			isa = PBXContainerItemProxy;
			containerPortal = 6DBF1E752616C35200285297 /* Project object */;
			proxyType = 1;
			remoteGlobalIDString = 6DBF1E7C2616C35200285297;
			remoteInfo = "Bash-Profile-Persistence";
		};
		6DBF1E9B2616C35300285297 /* PBXContainerItemProxy */ = {
			isa = PBXContainerItemProxy;
			containerPortal = 6DBF1E752616C35200285297 /* Project object */;
			proxyType = 1;
			remoteGlobalIDString = 6DBF1E7C2616C35200285297;
			remoteInfo = "Bash-Profile-Persistence";
		};
/* End PBXContainerItemProxy section */

/* Begin PBXFileReference section */
		6DBF1E7D2616C35200285297 /* Bash-Profile-Persistence.app */ = {isa = PBXFileReference; explicitFileType = wrapper.application; includeInIndex = 0; path = "Bash-Profile-Persistence.app"; sourceTree = BUILT_PRODUCTS_DIR; };
		6DBF1E842616C35300285297 /* Assets.xcassets */ = {isa = PBXFileReference; lastKnownFileType = folder.assetcatalog; path = Assets.xcassets; sourceTree = "<group>"; };
		6DBF1E872616C35300285297 /* Base */ = {isa = PBXFileReference; lastKnownFileType = file.storyboard; name = Base; path = Base.lproj/Main.storyboard; sourceTree = "<group>"; };
		6DBF1E892616C35300285297 /* Info.plist */ = {isa = PBXFileReference; lastKnownFileType = text.plist.xml; path = Info.plist; sourceTree = "<group>"; };
		6DBF1E8A2616C35300285297 /* Bash_Profile_Persistence.entitlements */ = {isa = PBXFileReference; lastKnownFileType = text.plist.entitlements; path = Bash_Profile_Persistence.entitlements; sourceTree = "<group>"; };
		6DBF1E8F2616C35300285297 /* Bash-Profile-PersistenceTests.xctest */ = {isa = PBXFileReference; explicitFileType = wrapper.cfbundle; includeInIndex = 0; path = "Bash-Profile-PersistenceTests.xctest"; sourceTree = BUILT_PRODUCTS_DIR; };
		6DBF1E932616C35300285297 /* Bash_Profile_PersistenceTests.swift */ = {isa = PBXFileReference; lastKnownFileType = sourcecode.swift; path = Bash_Profile_PersistenceTests.swift; sourceTree = "<group>"; };
		6DBF1E952616C35300285297 /* Info.plist */ = {isa = PBXFileReference; lastKnownFileType = text.plist.xml; path = Info.plist; sourceTree = "<group>"; };
		6DBF1E9A2616C35300285297 /* Bash-Profile-PersistenceUITests.xctest */ = {isa = PBXFileReference; explicitFileType = wrapper.cfbundle; includeInIndex = 0; path = "Bash-Profile-PersistenceUITests.xctest"; sourceTree = BUILT_PRODUCTS_DIR; };
		6DBF1E9E2616C35300285297 /* Bash_Profile_PersistenceUITests.swift */ = {isa = PBXFileReference; lastKnownFileType = sourcecode.swift; path = Bash_Profile_PersistenceUITests.swift; sourceTree = "<group>"; };
		6DBF1EA02616C35300285297 /* Info.plist */ = {isa = PBXFileReference; lastKnownFileType = text.plist.xml; path = Info.plist; sourceTree = "<group>"; };
		6DBF1EAF2616C36600285297 /* main.swift */ = {isa = PBXFileReference; lastKnownFileType = sourcecode.swift; path = main.swift; sourceTree = "<group>"; };
/* End PBXFileReference section */

/* Begin PBXFrameworksBuildPhase section */
		6DBF1E7A2616C35200285297 /* Frameworks */ = {
			isa = PBXFrameworksBuildPhase;
			buildActionMask = 2147483647;
			files = (
			);
			runOnlyForDeploymentPostprocessing = 0;
		};
		6DBF1E8C2616C35300285297 /* Frameworks */ = {
			isa = PBXFrameworksBuildPhase;
			buildActionMask = 2147483647;
			files = (
			);
			runOnlyForDeploymentPostprocessing = 0;
		};
		6DBF1E972616C35300285297 /* Frameworks */ = {
			isa = PBXFrameworksBuildPhase;
			buildActionMask = 2147483647;
			files = (
			);
			runOnlyForDeploymentPostprocessing = 0;
		};
/* End PBXFrameworksBuildPhase section */

/* Begin PBXGroup section */
		6DBF1E742616C35200285297 = {
			isa = PBXGroup;
			children = (
				6DBF1E7F2616C35200285297 /* Bash-Profile-Persistence */,
				6DBF1E922616C35300285297 /* Bash-Profile-PersistenceTests */,
				6DBF1E9D2616C35300285297 /* Bash-Profile-PersistenceUITests */,
				6DBF1E7E2616C35200285297 /* Products */,
			);
			sourceTree = "<group>";
		};
		6DBF1E7E2616C35200285297 /* Products */ = {
			isa = PBXGroup;
			children = (
				6DBF1E7D2616C35200285297 /* Bash-Profile-Persistence.app */,
				6DBF1E8F2616C35300285297 /* Bash-Profile-PersistenceTests.xctest */,
				6DBF1E9A2616C35300285297 /* Bash-Profile-PersistenceUITests.xctest */,
			);
			name = Products;
			sourceTree = "<group>";
		};
		6DBF1E7F2616C35200285297 /* Bash-Profile-Persistence */ = {
			isa = PBXGroup;
			children = (
				6DBF1E842616C35300285297 /* Assets.xcassets */,
				6DBF1E862616C35300285297 /* Main.storyboard */,
				6DBF1E892616C35300285297 /* Info.plist */,
				6DBF1E8A2616C35300285297 /* Bash_Profile_Persistence.entitlements */,
				6DBF1EAF2616C36600285297 /* main.swift */,
			);
			path = "Bash-Profile-Persistence";
			sourceTree = "<group>";
		};
		6DBF1E922616C35300285297 /* Bash-Profile-PersistenceTests */ = {
			isa = PBXGroup;
			children = (
				6DBF1E932616C35300285297 /* Bash_Profile_PersistenceTests.swift */,
				6DBF1E952616C35300285297 /* Info.plist */,
			);
			path = "Bash-Profile-PersistenceTests";
			sourceTree = "<group>";
		};
		6DBF1E9D2616C35300285297 /* Bash-Profile-PersistenceUITests */ = {
			isa = PBXGroup;
			children = (
				6DBF1E9E2616C35300285297 /* Bash_Profile_PersistenceUITests.swift */,
				6DBF1EA02616C35300285297 /* Info.plist */,
			);
			path = "Bash-Profile-PersistenceUITests";
			sourceTree = "<group>";
		};
/* End PBXGroup section */

/* Begin PBXNativeTarget section */
		6DBF1E7C2616C35200285297 /* Bash-Profile-Persistence */ = {
			isa = PBXNativeTarget;
			buildConfigurationList = 6DBF1EA32616C35300285297 /* Build configuration list for PBXNativeTarget "Bash-Profile-Persistence" */;
			buildPhases = (
				6DBF1E792616C35200285297 /* Sources */,
				6DBF1E7A2616C35200285297 /* Frameworks */,
				6DBF1E7B2616C35200285297 /* Resources */,
			);
			buildRules = (
			);
			dependencies = (
			);
			name = "Bash-Profile-Persistence";
			productName = "Bash-Profile-Persistence";
			productReference = 6DBF1E7D2616C35200285297 /* Bash-Profile-Persistence.app */;
			productType = "com.apple.product-type.application";
		};
		6DBF1E8E2616C35300285297 /* Bash-Profile-PersistenceTests */ = {
			isa = PBXNativeTarget;
			buildConfigurationList = 6DBF1EA62616C35300285297 /* Build configuration list for PBXNativeTarget "Bash-Profile-PersistenceTests" */;
			buildPhases = (
				6DBF1E8B2616C35300285297 /* Sources */,
				6DBF1E8C2616C35300285297 /* Frameworks */,
				6DBF1E8D2616C35300285297 /* Resources */,
			);
			buildRules = (
			);
			dependencies = (
				6DBF1E912616C35300285297 /* PBXTargetDependency */,
			);
			name = "Bash-Profile-PersistenceTests";
			productName = "Bash-Profile-PersistenceTests";
			productReference = 6DBF1E8F2616C35300285297 /* Bash-Profile-PersistenceTests.xctest */;
			productType = "com.apple.product-type.bundle.unit-test";
		};
		6DBF1E992616C35300285297 /* Bash-Profile-PersistenceUITests */ = {
			isa = PBXNativeTarget;
			buildConfigurationList = 6DBF1EA92616C35300285297 /* Build configuration list for PBXNativeTarget "Bash-Profile-PersistenceUITests" */;
			buildPhases = (
				6DBF1E962616C35300285297 /* Sources */,
				6DBF1E972616C35300285297 /* Frameworks */,
				6DBF1E982616C35300285297 /* Resources */,
			);
			buildRules = (
			);
			dependencies = (
				6DBF1E9C2616C35300285297 /* PBXTargetDependency */,
			);
			name = "Bash-Profile-PersistenceUITests";
			productName = "Bash-Profile-PersistenceUITests";
			productReference = 6DBF1E9A2616C35300285297 /* Bash-Profile-PersistenceUITests.xctest */;
			productType = "com.apple.product-type.bundle.ui-testing";
		};
/* End PBXNativeTarget section */

/* Begin PBXProject section */
		6DBF1E752616C35200285297 /* Project object */ = {
			isa = PBXProject;
			attributes = {
				LastSwiftUpdateCheck = 1240;
				LastUpgradeCheck = 1240;
				TargetAttributes = {
					6DBF1E7C2616C35200285297 = {
						CreatedOnToolsVersion = 12.4;
					};
					6DBF1E8E2616C35300285297 = {
						CreatedOnToolsVersion = 12.4;
						TestTargetID = 6DBF1E7C2616C35200285297;
					};
					6DBF1E992616C35300285297 = {
						CreatedOnToolsVersion = 12.4;
						TestTargetID = 6DBF1E7C2616C35200285297;
					};
				};
			};
			buildConfigurationList = 6DBF1E782616C35200285297 /* Build configuration list for PBXProject "Bash-Profile-Persistence" */;
			compatibilityVersion = "Xcode 9.3";
			developmentRegion = en;
			hasScannedForEncodings = 0;
			knownRegions = (
				en,
				Base,
			);
			mainGroup = 6DBF1E742616C35200285297;
			productRefGroup = 6DBF1E7E2616C35200285297 /* Products */;
			projectDirPath = "";
			projectRoot = "";
			targets = (
				6DBF1E7C2616C35200285297 /* Bash-Profile-Persistence */,
				6DBF1E8E2616C35300285297 /* Bash-Profile-PersistenceTests */,
				6DBF1E992616C35300285297 /* Bash-Profile-PersistenceUITests */,
			);
		};
/* End PBXProject section */

/* Begin PBXResourcesBuildPhase section */
		6DBF1E7B2616C35200285297 /* Resources */ = {
			isa = PBXResourcesBuildPhase;
			buildActionMask = 2147483647;
			files = (
				6DBF1E852616C35300285297 /* Assets.xcassets in Resources */,
				6DBF1E882616C35300285297 /* Main.storyboard in Resources */,
			);
			runOnlyForDeploymentPostprocessing = 0;
		};
		6DBF1E8D2616C35300285297 /* Resources */ = {
			isa = PBXResourcesBuildPhase;
			buildActionMask = 2147483647;
			files = (
			);
			runOnlyForDeploymentPostprocessing = 0;
		};
		6DBF1E982616C35300285297 /* Resources */ = {
			isa = PBXResourcesBuildPhase;
			buildActionMask = 2147483647;
			files = (
			);
			runOnlyForDeploymentPostprocessing = 0;
		};
/* End PBXResourcesBuildPhase section */

/* Begin PBXSourcesBuildPhase section */
		6DBF1E792616C35200285297 /* Sources */ = {
			isa = PBXSourcesBuildPhase;
			buildActionMask = 2147483647;
			files = (
				6DBF1EB02616C36600285297 /* main.swift in Sources */,
			);
			runOnlyForDeploymentPostprocessing = 0;
		};
		6DBF1E8B2616C35300285297 /* Sources */ = {
			isa = PBXSourcesBuildPhase;
			buildActionMask = 2147483647;
			files = (
				6DBF1E942616C35300285297 /* Bash_Profile_PersistenceTests.swift in Sources */,
			);
			runOnlyForDeploymentPostprocessing = 0;
		};
		6DBF1E962616C35300285297 /* Sources */ = {
			isa = PBXSourcesBuildPhase;
			buildActionMask = 2147483647;
			files = (
				6DBF1E9F2616C35300285297 /* Bash_Profile_PersistenceUITests.swift in Sources */,
			);
			runOnlyForDeploymentPostprocessing = 0;
		};
/* End PBXSourcesBuildPhase section */

/* Begin PBXTargetDependency section */
		6DBF1E912616C35300285297 /* PBXTargetDependency */ = {
			isa = PBXTargetDependency;
			target = 6DBF1E7C2616C35200285297 /* Bash-Profile-Persistence */;
			targetProxy = 6DBF1E902616C35300285297 /* PBXContainerItemProxy */;
		};
		6DBF1E9C2616C35300285297 /* PBXTargetDependency */ = {
			isa = PBXTargetDependency;
			target = 6DBF1E7C2616C35200285297 /* Bash-Profile-Persistence */;
			targetProxy = 6DBF1E9B2616C35300285297 /* PBXContainerItemProxy */;
		};
/* End PBXTargetDependency section */

/* Begin PBXVariantGroup section */
		6DBF1E862616C35300285297 /* Main.storyboard */ = {
			isa = PBXVariantGroup;
			children = (
				6DBF1E872616C35300285297 /* Base */,
			);
			name = Main.storyboard;
			sourceTree = "<group>";
		};
/* End PBXVariantGroup section */

/* Begin XCBuildConfiguration section */
		6DBF1EA12616C35300285297 /* Debug */ = {
			isa = XCBuildConfiguration;
			buildSettings = {
				ALWAYS_SEARCH_USER_PATHS = NO;
				CLANG_ANALYZER_NONNULL = YES;
				CLANG_ANALYZER_NUMBER_OBJECT_CONVERSION = YES_AGGRESSIVE;
				CLANG_CXX_LANGUAGE_STANDARD = "gnu++14";
				CLANG_CXX_LIBRARY = "libc++";
				CLANG_ENABLE_MODULES = YES;
				CLANG_ENABLE_OBJC_ARC = YES;
				CLANG_ENABLE_OBJC_WEAK = YES;
				CLANG_WARN_BLOCK_CAPTURE_AUTORELEASING = YES;
				CLANG_WARN_BOOL_CONVERSION = YES;
				CLANG_WARN_COMMA = YES;
				CLANG_WARN_CONSTANT_CONVERSION = YES;
				CLANG_WARN_DEPRECATED_OBJC_IMPLEMENTATIONS = YES;
				CLANG_WARN_DIRECT_OBJC_ISA_USAGE = YES_ERROR;
				CLANG_WARN_DOCUMENTATION_COMMENTS = YES;
				CLANG_WARN_EMPTY_BODY = YES;
				CLANG_WARN_ENUM_CONVERSION = YES;
				CLANG_WARN_INFINITE_RECURSION = YES;
				CLANG_WARN_INT_CONVERSION = YES;
				CLANG_WARN_NON_LITERAL_NULL_CONVERSION = YES;
				CLANG_WARN_OBJC_IMPLICIT_RETAIN_SELF = YES;
				CLANG_WARN_OBJC_LITERAL_CONVERSION = YES;
				CLANG_WARN_OBJC_ROOT_CLASS = YES_ERROR;
				CLANG_WARN_QUOTED_INCLUDE_IN_FRAMEWORK_HEADER = YES;
				CLANG_WARN_RANGE_LOOP_ANALYSIS = YES;
				CLANG_WARN_STRICT_PROTOTYPES = YES;
				CLANG_WARN_SUSPICIOUS_MOVE = YES;
				CLANG_WARN_UNGUARDED_AVAILABILITY = YES_AGGRESSIVE;
				CLANG_WARN_UNREACHABLE_CODE = YES;
				CLANG_WARN__DUPLICATE_METHOD_MATCH = YES;
				COPY_PHASE_STRIP = NO;
				DEBUG_INFORMATION_FORMAT = dwarf;
				ENABLE_STRICT_OBJC_MSGSEND = YES;
				ENABLE_TESTABILITY = YES;
				GCC_C_LANGUAGE_STANDARD = gnu11;
				GCC_DYNAMIC_NO_PIC = NO;
				GCC_NO_COMMON_BLOCKS = YES;
				GCC_OPTIMIZATION_LEVEL = 0;
				GCC_PREPROCESSOR_DEFINITIONS = (
					"DEBUG=1",
					"$(inherited)",
				);
				GCC_WARN_64_TO_32_BIT_CONVERSION = YES;
				GCC_WARN_ABOUT_RETURN_TYPE = YES_ERROR;
				GCC_WARN_UNDECLARED_SELECTOR = YES;
				GCC_WARN_UNINITIALIZED_AUTOS = YES_AGGRESSIVE;
				GCC_WARN_UNUSED_FUNCTION = YES;
				GCC_WARN_UNUSED_VARIABLE = YES;
				MACOSX_DEPLOYMENT_TARGET = 11.1;
				MTL_ENABLE_DEBUG_INFO = INCLUDE_SOURCE;
				MTL_FAST_MATH = YES;
				ONLY_ACTIVE_ARCH = YES;
				SDKROOT = macosx;
				SWIFT_ACTIVE_COMPILATION_CONDITIONS = DEBUG;
				SWIFT_OPTIMIZATION_LEVEL = "-Onone";
			};
			name = Debug;
		};
		6DBF1EA22616C35300285297 /* Release */ = {
			isa = XCBuildConfiguration;
			buildSettings = {
				ALWAYS_SEARCH_USER_PATHS = NO;
				CLANG_ANALYZER_NONNULL = YES;
				CLANG_ANALYZER_NUMBER_OBJECT_CONVERSION = YES_AGGRESSIVE;
				CLANG_CXX_LANGUAGE_STANDARD = "gnu++14";
				CLANG_CXX_LIBRARY = "libc++";
				CLANG_ENABLE_MODULES = YES;
				CLANG_ENABLE_OBJC_ARC = YES;
				CLANG_ENABLE_OBJC_WEAK = YES;
				CLANG_WARN_BLOCK_CAPTURE_AUTORELEASING = YES;
				CLANG_WARN_BOOL_CONVERSION = YES;
				CLANG_WARN_COMMA = YES;
				CLANG_WARN_CONSTANT_CONVERSION = YES;
				CLANG_WARN_DEPRECATED_OBJC_IMPLEMENTATIONS = YES;
				CLANG_WARN_DIRECT_OBJC_ISA_USAGE = YES_ERROR;
				CLANG_WARN_DOCUMENTATION_COMMENTS = YES;
				CLANG_WARN_EMPTY_BODY = YES;
				CLANG_WARN_ENUM_CONVERSION = YES;
				CLANG_WARN_INFINITE_RECURSION = YES;
				CLANG_WARN_INT_CONVERSION = YES;
				CLANG_WARN_NON_LITERAL_NULL_CONVERSION = YES;
				CLANG_WARN_OBJC_IMPLICIT_RETAIN_SELF = YES;
				CLANG_WARN_OBJC_LITERAL_CONVERSION = YES;
				CLANG_WARN_OBJC_ROOT_CLASS = YES_ERROR;
				CLANG_WARN_QUOTED_INCLUDE_IN_FRAMEWORK_HEADER = YES;
				CLANG_WARN_RANGE_LOOP_ANALYSIS = YES;
				CLANG_WARN_STRICT_PROTOTYPES = YES;
				CLANG_WARN_SUSPICIOUS_MOVE = YES;
				CLANG_WARN_UNGUARDED_AVAILABILITY = YES_AGGRESSIVE;
				CLANG_WARN_UNREACHABLE_CODE = YES;
				CLANG_WARN__DUPLICATE_METHOD_MATCH = YES;
				COPY_PHASE_STRIP = NO;
				DEBUG_INFORMATION_FORMAT = "dwarf-with-dsym";
				ENABLE_NS_ASSERTIONS = NO;
				ENABLE_STRICT_OBJC_MSGSEND = YES;
				GCC_C_LANGUAGE_STANDARD = gnu11;
				GCC_NO_COMMON_BLOCKS = YES;
				GCC_WARN_64_TO_32_BIT_CONVERSION = YES;
				GCC_WARN_ABOUT_RETURN_TYPE = YES_ERROR;
				GCC_WARN_UNDECLARED_SELECTOR = YES;
				GCC_WARN_UNINITIALIZED_AUTOS = YES_AGGRESSIVE;
				GCC_WARN_UNUSED_FUNCTION = YES;
				GCC_WARN_UNUSED_VARIABLE = YES;
				MACOSX_DEPLOYMENT_TARGET = 11.1;
				MTL_ENABLE_DEBUG_INFO = NO;
				MTL_FAST_MATH = YES;
				SDKROOT = macosx;
				SWIFT_COMPILATION_MODE = wholemodule;
				SWIFT_OPTIMIZATION_LEVEL = "-O";
			};
			name = Release;
		};
		6DBF1EA42616C35300285297 /* Debug */ = {
			isa = XCBuildConfiguration;
			buildSettings = {
				ASSETCATALOG_COMPILER_APPICON_NAME = AppIcon;
				ASSETCATALOG_COMPILER_GLOBAL_ACCENT_COLOR_NAME = AccentColor;
				CODE_SIGN_ENTITLEMENTS = "Bash-Profile-Persistence/Bash_Profile_Persistence.entitlements";
				CODE_SIGN_STYLE = Automatic;
				COMBINE_HIDPI_IMAGES = YES;
				INFOPLIST_FILE = "Bash-Profile-Persistence/Info.plist";
				LD_RUNPATH_SEARCH_PATHS = (
					"$(inherited)",
					"@executable_path/../Frameworks",
				);
				PRODUCT_BUNDLE_IDENTIFIER = "procmon.Bash-Profile-Persistence";
				PRODUCT_NAME = "$(TARGET_NAME)";
				SWIFT_VERSION = 5.0;
			};
			name = Debug;
		};
		6DBF1EA52616C35300285297 /* Release */ = {
			isa = XCBuildConfiguration;
			buildSettings = {
				ASSETCATALOG_COMPILER_APPICON_NAME = AppIcon;
				ASSETCATALOG_COMPILER_GLOBAL_ACCENT_COLOR_NAME = AccentColor;
				CODE_SIGN_ENTITLEMENTS = "Bash-Profile-Persistence/Bash_Profile_Persistence.entitlements";
				CODE_SIGN_STYLE = Automatic;
				COMBINE_HIDPI_IMAGES = YES;
				INFOPLIST_FILE = "Bash-Profile-Persistence/Info.plist";
				LD_RUNPATH_SEARCH_PATHS = (
					"$(inherited)",
					"@executable_path/../Frameworks",
				);
				PRODUCT_BUNDLE_IDENTIFIER = "procmon.Bash-Profile-Persistence";
				PRODUCT_NAME = "$(TARGET_NAME)";
				SWIFT_VERSION = 5.0;
			};
			name = Release;
		};
		6DBF1EA72616C35300285297 /* Debug */ = {
			isa = XCBuildConfiguration;
			buildSettings = {
				ALWAYS_EMBED_SWIFT_STANDARD_LIBRARIES = YES;
				BUNDLE_LOADER = "$(TEST_HOST)";
				CODE_SIGN_STYLE = Automatic;
				COMBINE_HIDPI_IMAGES = YES;
				INFOPLIST_FILE = "Bash-Profile-PersistenceTests/Info.plist";
				LD_RUNPATH_SEARCH_PATHS = (
					"$(inherited)",
					"@executable_path/../Frameworks",
					"@loader_path/../Frameworks",
				);
				MACOSX_DEPLOYMENT_TARGET = 11.1;
				PRODUCT_BUNDLE_IDENTIFIER = "procmon.Bash-Profile-PersistenceTests";
				PRODUCT_NAME = "$(TARGET_NAME)";
				SWIFT_VERSION = 5.0;
				TEST_HOST = "$(BUILT_PRODUCTS_DIR)/Bash-Profile-Persistence.app/Contents/MacOS/Bash-Profile-Persistence";
			};
			name = Debug;
		};
		6DBF1EA82616C35300285297 /* Release */ = {
			isa = XCBuildConfiguration;
			buildSettings = {
				ALWAYS_EMBED_SWIFT_STANDARD_LIBRARIES = YES;
				BUNDLE_LOADER = "$(TEST_HOST)";
				CODE_SIGN_STYLE = Automatic;
				COMBINE_HIDPI_IMAGES = YES;
				INFOPLIST_FILE = "Bash-Profile-PersistenceTests/Info.plist";
				LD_RUNPATH_SEARCH_PATHS = (
					"$(inherited)",
					"@executable_path/../Frameworks",
					"@loader_path/../Frameworks",
				);
				MACOSX_DEPLOYMENT_TARGET = 11.1;
				PRODUCT_BUNDLE_IDENTIFIER = "procmon.Bash-Profile-PersistenceTests";
				PRODUCT_NAME = "$(TARGET_NAME)";
				SWIFT_VERSION = 5.0;
				TEST_HOST = "$(BUILT_PRODUCTS_DIR)/Bash-Profile-Persistence.app/Contents/MacOS/Bash-Profile-Persistence";
			};
			name = Release;
		};
		6DBF1EAA2616C35300285297 /* Debug */ = {
			isa = XCBuildConfiguration;
			buildSettings = {
				ALWAYS_EMBED_SWIFT_STANDARD_LIBRARIES = YES;
				CODE_SIGN_STYLE = Automatic;
				COMBINE_HIDPI_IMAGES = YES;
				INFOPLIST_FILE = "Bash-Profile-PersistenceUITests/Info.plist";
				LD_RUNPATH_SEARCH_PATHS = (
					"$(inherited)",
					"@executable_path/../Frameworks",
					"@loader_path/../Frameworks",
				);
				PRODUCT_BUNDLE_IDENTIFIER = "procmon.Bash-Profile-PersistenceUITests";
				PRODUCT_NAME = "$(TARGET_NAME)";
				SWIFT_VERSION = 5.0;
				TEST_TARGET_NAME = "Bash-Profile-Persistence";
			};
			name = Debug;
		};
		6DBF1EAB2616C35300285297 /* Release */ = {
			isa = XCBuildConfiguration;
			buildSettings = {
				ALWAYS_EMBED_SWIFT_STANDARD_LIBRARIES = YES;
				CODE_SIGN_STYLE = Automatic;
				COMBINE_HIDPI_IMAGES = YES;
				INFOPLIST_FILE = "Bash-Profile-PersistenceUITests/Info.plist";
				LD_RUNPATH_SEARCH_PATHS = (
					"$(inherited)",
					"@executable_path/../Frameworks",
					"@loader_path/../Frameworks",
				);
				PRODUCT_BUNDLE_IDENTIFIER = "procmon.Bash-Profile-PersistenceUITests";
				PRODUCT_NAME = "$(TARGET_NAME)";
				SWIFT_VERSION = 5.0;
				TEST_TARGET_NAME = "Bash-Profile-Persistence";
			};
			name = Release;
		};
/* End XCBuildConfiguration section */

/* Begin XCConfigurationList section */
		6DBF1E782616C35200285297 /* Build configuration list for PBXProject "Bash-Profile-Persistence" */ = {
			isa = XCConfigurationList;
			buildConfigurations = (
				6DBF1EA12616C35300285297 /* Debug */,
				6DBF1EA22616C35300285297 /* Release */,
			);
			defaultConfigurationIsVisible = 0;
			defaultConfigurationName = Release;
		};
		6DBF1EA32616C35300285297 /* Build configuration list for PBXNativeTarget "Bash-Profile-Persistence" */ = {
			isa = XCConfigurationList;
			buildConfigurations = (
				6DBF1EA42616C35300285297 /* Debug */,
				6DBF1EA52616C35300285297 /* Release */,
			);
			defaultConfigurationIsVisible = 0;
			defaultConfigurationName = Release;
		};
		6DBF1EA62616C35300285297 /* Build configuration list for PBXNativeTarget "Bash-Profile-PersistenceTests" */ = {
			isa = XCConfigurationList;
			buildConfigurations = (
				6DBF1EA72616C35300285297 /* Debug */,
				6DBF1EA82616C35300285297 /* Release */,
			);
			defaultConfigurationIsVisible = 0;
			defaultConfigurationName = Release;
		};
		6DBF1EA92616C35300285297 /* Build configuration list for PBXNativeTarget "Bash-Profile-PersistenceUITests" */ = {
			isa = XCConfigurationList;
			buildConfigurations = (
				6DBF1EAA2616C35300285297 /* Debug */,
				6DBF1EAB2616C35300285297 /* Release */,
			);
			defaultConfigurationIsVisible = 0;
			defaultConfigurationName = Release;
		};
/* End XCConfigurationList section */
	};
	rootObject = 6DBF1E752616C35200285297 /* Project object */;
}
