// !$*UTF8*$!
{
	archiveVersion = 1;
	classes = {
	};
	objectVersion = 50;
	objects = {

/* Begin PBXBuildFile section */
		D7EC195E2625EC3E000FAC42 /* Assets.xcassets in Resources */ = {isa = PBXBuildFile; fileRef = D7EC195D2625EC3E000FAC42 /* Assets.xcassets */; };
		D7EC19612625EC3E000FAC42 /* Main.storyboard in Resources */ = {isa = PBXBuildFile; fileRef = D7EC195F2625EC3E000FAC42 /* Main.storyboard */; };
		D7EC196D2625EC3E000FAC42 /* iTermAppScriptPersistenceTests.swift in Sources */ = {isa = PBXBuildFile; fileRef = D7EC196C2625EC3E000FAC42 /* iTermAppScriptPersistenceTests.swift */; };
		D7EC19782625EC3E000FAC42 /* iTermAppScriptPersistenceUITests.swift in Sources */ = {isa = PBXBuildFile; fileRef = D7EC19772625EC3E000FAC42 /* iTermAppScriptPersistenceUITests.swift */; };
		D7EC19862625EC4D000FAC42 /* main.swift in Sources */ = {isa = PBXBuildFile; fileRef = D7EC19852625EC4D000FAC42 /* main.swift */; };
/* End PBXBuildFile section */

/* Begin PBXContainerItemProxy section */
		D7EC19692625EC3E000FAC42 /* PBXContainerItemProxy */ = {
			isa = PBXContainerItemProxy;
			containerPortal = D7EC194E2625EC3A000FAC42 /* Project object */;
			proxyType = 1;
			remoteGlobalIDString = D7EC19552625EC3A000FAC42;
			remoteInfo = iTermAppScriptPersistence;
		};
		D7EC19742625EC3E000FAC42 /* PBXContainerItemProxy */ = {
			isa = PBXContainerItemProxy;
			containerPortal = D7EC194E2625EC3A000FAC42 /* Project object */;
			proxyType = 1;
			remoteGlobalIDString = D7EC19552625EC3A000FAC42;
			remoteInfo = iTermAppScriptPersistence;
		};
/* End PBXContainerItemProxy section */

/* Begin PBXFileReference section */
		D7EC19562625EC3A000FAC42 /* iTermAppScriptPersistence.app */ = {isa = PBXFileReference; explicitFileType = wrapper.application; includeInIndex = 0; path = iTermAppScriptPersistence.app; sourceTree = BUILT_PRODUCTS_DIR; };
		D7EC195D2625EC3E000FAC42 /* Assets.xcassets */ = {isa = PBXFileReference; lastKnownFileType = folder.assetcatalog; path = Assets.xcassets; sourceTree = "<group>"; };
		D7EC19602625EC3E000FAC42 /* Base */ = {isa = PBXFileReference; lastKnownFileType = file.storyboard; name = Base; path = Base.lproj/Main.storyboard; sourceTree = "<group>"; };
		D7EC19622625EC3E000FAC42 /* Info.plist */ = {isa = PBXFileReference; lastKnownFileType = text.plist.xml; path = Info.plist; sourceTree = "<group>"; };
		D7EC19632625EC3E000FAC42 /* iTermAppScriptPersistence.entitlements */ = {isa = PBXFileReference; lastKnownFileType = text.plist.entitlements; path = iTermAppScriptPersistence.entitlements; sourceTree = "<group>"; };
		D7EC19682625EC3E000FAC42 /* iTermAppScriptPersistenceTests.xctest */ = {isa = PBXFileReference; explicitFileType = wrapper.cfbundle; includeInIndex = 0; path = iTermAppScriptPersistenceTests.xctest; sourceTree = BUILT_PRODUCTS_DIR; };
		D7EC196C2625EC3E000FAC42 /* iTermAppScriptPersistenceTests.swift */ = {isa = PBXFileReference; lastKnownFileType = sourcecode.swift; path = iTermAppScriptPersistenceTests.swift; sourceTree = "<group>"; };
		D7EC196E2625EC3E000FAC42 /* Info.plist */ = {isa = PBXFileReference; lastKnownFileType = text.plist.xml; path = Info.plist; sourceTree = "<group>"; };
		D7EC19732625EC3E000FAC42 /* iTermAppScriptPersistenceUITests.xctest */ = {isa = PBXFileReference; explicitFileType = wrapper.cfbundle; includeInIndex = 0; path = iTermAppScriptPersistenceUITests.xctest; sourceTree = BUILT_PRODUCTS_DIR; };
		D7EC19772625EC3E000FAC42 /* iTermAppScriptPersistenceUITests.swift */ = {isa = PBXFileReference; lastKnownFileType = sourcecode.swift; path = iTermAppScriptPersistenceUITests.swift; sourceTree = "<group>"; };
		D7EC19792625EC3E000FAC42 /* Info.plist */ = {isa = PBXFileReference; lastKnownFileType = text.plist.xml; path = Info.plist; sourceTree = "<group>"; };
		D7EC19852625EC4D000FAC42 /* main.swift */ = {isa = PBXFileReference; lastKnownFileType = sourcecode.swift; path = main.swift; sourceTree = "<group>"; };
/* End PBXFileReference section */

/* Begin PBXFrameworksBuildPhase section */
		D7EC19532625EC3A000FAC42 /* Frameworks */ = {
			isa = PBXFrameworksBuildPhase;
			buildActionMask = 2147483647;
			files = (
			);
			runOnlyForDeploymentPostprocessing = 0;
		};
		D7EC19652625EC3E000FAC42 /* Frameworks */ = {
			isa = PBXFrameworksBuildPhase;
			buildActionMask = 2147483647;
			files = (
			);
			runOnlyForDeploymentPostprocessing = 0;
		};
		D7EC19702625EC3E000FAC42 /* Frameworks */ = {
			isa = PBXFrameworksBuildPhase;
			buildActionMask = 2147483647;
			files = (
			);
			runOnlyForDeploymentPostprocessing = 0;
		};
/* End PBXFrameworksBuildPhase section */

/* Begin PBXGroup section */
		D7EC194D2625EC3A000FAC42 = {
			isa = PBXGroup;
			children = (
				D7EC19582625EC3A000FAC42 /* iTermAppScriptPersistence */,
				D7EC196B2625EC3E000FAC42 /* iTermAppScriptPersistenceTests */,
				D7EC19762625EC3E000FAC42 /* iTermAppScriptPersistenceUITests */,
				D7EC19572625EC3A000FAC42 /* Products */,
			);
			sourceTree = "<group>";
		};
		D7EC19572625EC3A000FAC42 /* Products */ = {
			isa = PBXGroup;
			children = (
				D7EC19562625EC3A000FAC42 /* iTermAppScriptPersistence.app */,
				D7EC19682625EC3E000FAC42 /* iTermAppScriptPersistenceTests.xctest */,
				D7EC19732625EC3E000FAC42 /* iTermAppScriptPersistenceUITests.xctest */,
			);
			name = Products;
			sourceTree = "<group>";
		};
		D7EC19582625EC3A000FAC42 /* iTermAppScriptPersistence */ = {
			isa = PBXGroup;
			children = (
				D7EC195D2625EC3E000FAC42 /* Assets.xcassets */,
				D7EC195F2625EC3E000FAC42 /* Main.storyboard */,
				D7EC19622625EC3E000FAC42 /* Info.plist */,
				D7EC19632625EC3E000FAC42 /* iTermAppScriptPersistence.entitlements */,
				D7EC19852625EC4D000FAC42 /* main.swift */,
			);
			path = iTermAppScriptPersistence;
			sourceTree = "<group>";
		};
		D7EC196B2625EC3E000FAC42 /* iTermAppScriptPersistenceTests */ = {
			isa = PBXGroup;
			children = (
				D7EC196C2625EC3E000FAC42 /* iTermAppScriptPersistenceTests.swift */,
				D7EC196E2625EC3E000FAC42 /* Info.plist */,
			);
			path = iTermAppScriptPersistenceTests;
			sourceTree = "<group>";
		};
		D7EC19762625EC3E000FAC42 /* iTermAppScriptPersistenceUITests */ = {
			isa = PBXGroup;
			children = (
				D7EC19772625EC3E000FAC42 /* iTermAppScriptPersistenceUITests.swift */,
				D7EC19792625EC3E000FAC42 /* Info.plist */,
			);
			path = iTermAppScriptPersistenceUITests;
			sourceTree = "<group>";
		};
/* End PBXGroup section */

/* Begin PBXNativeTarget section */
		D7EC19552625EC3A000FAC42 /* iTermAppScriptPersistence */ = {
			isa = PBXNativeTarget;
			buildConfigurationList = D7EC197C2625EC3E000FAC42 /* Build configuration list for PBXNativeTarget "iTermAppScriptPersistence" */;
			buildPhases = (
				D7EC19522625EC3A000FAC42 /* Sources */,
				D7EC19532625EC3A000FAC42 /* Frameworks */,
				D7EC19542625EC3A000FAC42 /* Resources */,
			);
			buildRules = (
			);
			dependencies = (
			);
			name = iTermAppScriptPersistence;
			productName = iTermAppScriptPersistence;
			productReference = D7EC19562625EC3A000FAC42 /* iTermAppScriptPersistence.app */;
			productType = "com.apple.product-type.application";
		};
		D7EC19672625EC3E000FAC42 /* iTermAppScriptPersistenceTests */ = {
			isa = PBXNativeTarget;
			buildConfigurationList = D7EC197F2625EC3E000FAC42 /* Build configuration list for PBXNativeTarget "iTermAppScriptPersistenceTests" */;
			buildPhases = (
				D7EC19642625EC3E000FAC42 /* Sources */,
				D7EC19652625EC3E000FAC42 /* Frameworks */,
				D7EC19662625EC3E000FAC42 /* Resources */,
			);
			buildRules = (
			);
			dependencies = (
				D7EC196A2625EC3E000FAC42 /* PBXTargetDependency */,
			);
			name = iTermAppScriptPersistenceTests;
			productName = iTermAppScriptPersistenceTests;
			productReference = D7EC19682625EC3E000FAC42 /* iTermAppScriptPersistenceTests.xctest */;
			productType = "com.apple.product-type.bundle.unit-test";
		};
		D7EC19722625EC3E000FAC42 /* iTermAppScriptPersistenceUITests */ = {
			isa = PBXNativeTarget;
			buildConfigurationList = D7EC19822625EC3E000FAC42 /* Build configuration list for PBXNativeTarget "iTermAppScriptPersistenceUITests" */;
			buildPhases = (
				D7EC196F2625EC3E000FAC42 /* Sources */,
				D7EC19702625EC3E000FAC42 /* Frameworks */,
				D7EC19712625EC3E000FAC42 /* Resources */,
			);
			buildRules = (
			);
			dependencies = (
				D7EC19752625EC3E000FAC42 /* PBXTargetDependency */,
			);
			name = iTermAppScriptPersistenceUITests;
			productName = iTermAppScriptPersistenceUITests;
			productReference = D7EC19732625EC3E000FAC42 /* iTermAppScriptPersistenceUITests.xctest */;
			productType = "com.apple.product-type.bundle.ui-testing";
		};
/* End PBXNativeTarget section */

/* Begin PBXProject section */
		D7EC194E2625EC3A000FAC42 /* Project object */ = {
			isa = PBXProject;
			attributes = {
				LastSwiftUpdateCheck = 1160;
				LastUpgradeCheck = 1160;
				ORGANIZATIONNAME = Dev;
				TargetAttributes = {
					D7EC19552625EC3A000FAC42 = {
						CreatedOnToolsVersion = 11.6;
					};
					D7EC19672625EC3E000FAC42 = {
						CreatedOnToolsVersion = 11.6;
						TestTargetID = D7EC19552625EC3A000FAC42;
					};
					D7EC19722625EC3E000FAC42 = {
						CreatedOnToolsVersion = 11.6;
						TestTargetID = D7EC19552625EC3A000FAC42;
					};
				};
			};
			buildConfigurationList = D7EC19512625EC3A000FAC42 /* Build configuration list for PBXProject "iTermAppScriptPersistence" */;
			compatibilityVersion = "Xcode 9.3";
			developmentRegion = en;
			hasScannedForEncodings = 0;
			knownRegions = (
				en,
				Base,
			);
			mainGroup = D7EC194D2625EC3A000FAC42;
			productRefGroup = D7EC19572625EC3A000FAC42 /* Products */;
			projectDirPath = "";
			projectRoot = "";
			targets = (
				D7EC19552625EC3A000FAC42 /* iTermAppScriptPersistence */,
				D7EC19672625EC3E000FAC42 /* iTermAppScriptPersistenceTests */,
				D7EC19722625EC3E000FAC42 /* iTermAppScriptPersistenceUITests */,
			);
		};
/* End PBXProject section */

/* Begin PBXResourcesBuildPhase section */
		D7EC19542625EC3A000FAC42 /* Resources */ = {
			isa = PBXResourcesBuildPhase;
			buildActionMask = 2147483647;
			files = (
				D7EC195E2625EC3E000FAC42 /* Assets.xcassets in Resources */,
				D7EC19612625EC3E000FAC42 /* Main.storyboard in Resources */,
			);
			runOnlyForDeploymentPostprocessing = 0;
		};
		D7EC19662625EC3E000FAC42 /* Resources */ = {
			isa = PBXResourcesBuildPhase;
			buildActionMask = 2147483647;
			files = (
			);
			runOnlyForDeploymentPostprocessing = 0;
		};
		D7EC19712625EC3E000FAC42 /* Resources */ = {
			isa = PBXResourcesBuildPhase;
			buildActionMask = 2147483647;
			files = (
			);
			runOnlyForDeploymentPostprocessing = 0;
		};
/* End PBXResourcesBuildPhase section */

/* Begin PBXSourcesBuildPhase section */
		D7EC19522625EC3A000FAC42 /* Sources */ = {
			isa = PBXSourcesBuildPhase;
			buildActionMask = 2147483647;
			files = (
				D7EC19862625EC4D000FAC42 /* main.swift in Sources */,
			);
			runOnlyForDeploymentPostprocessing = 0;
		};
		D7EC19642625EC3E000FAC42 /* Sources */ = {
			isa = PBXSourcesBuildPhase;
			buildActionMask = 2147483647;
			files = (
				D7EC196D2625EC3E000FAC42 /* iTermAppScriptPersistenceTests.swift in Sources */,
			);
			runOnlyForDeploymentPostprocessing = 0;
		};
		D7EC196F2625EC3E000FAC42 /* Sources */ = {
			isa = PBXSourcesBuildPhase;
			buildActionMask = 2147483647;
			files = (
				D7EC19782625EC3E000FAC42 /* iTermAppScriptPersistenceUITests.swift in Sources */,
			);
			runOnlyForDeploymentPostprocessing = 0;
		};
/* End PBXSourcesBuildPhase section */

/* Begin PBXTargetDependency section */
		D7EC196A2625EC3E000FAC42 /* PBXTargetDependency */ = {
			isa = PBXTargetDependency;
			target = D7EC19552625EC3A000FAC42 /* iTermAppScriptPersistence */;
			targetProxy = D7EC19692625EC3E000FAC42 /* PBXContainerItemProxy */;
		};
		D7EC19752625EC3E000FAC42 /* PBXTargetDependency */ = {
			isa = PBXTargetDependency;
			target = D7EC19552625EC3A000FAC42 /* iTermAppScriptPersistence */;
			targetProxy = D7EC19742625EC3E000FAC42 /* PBXContainerItemProxy */;
		};
/* End PBXTargetDependency section */

/* Begin PBXVariantGroup section */
		D7EC195F2625EC3E000FAC42 /* Main.storyboard */ = {
			isa = PBXVariantGroup;
			children = (
				D7EC19602625EC3E000FAC42 /* Base */,
			);
			name = Main.storyboard;
			sourceTree = "<group>";
		};
/* End PBXVariantGroup section */

/* Begin XCBuildConfiguration section */
		D7EC197A2625EC3E000FAC42 /* Debug */ = {
			isa = XCBuildConfiguration;
			buildSettings = {
				ALWAYS_SEARCH_USER_PATHS = NO;
				CLANG_ANALYZER_NONNULL = YES;
				CLANG_ANALYZER_NUMBER_OBJECT_CONVERSION = YES_AGGRESSIVE;
				CLANG_CXX_LANGUAGE_STANDARD = "gnu++14";
				CLANG_CXX_LIBRARY = "libc++";
				CLANG_ENABLE_MODULES = YES;
				CLANG_ENABLE_OBJC_ARC = YES;
				CLANG_ENABLE_OBJC_WEAK = YES;
				CLANG_WARN_BLOCK_CAPTURE_AUTORELEASING = YES;
				CLANG_WARN_BOOL_CONVERSION = YES;
				CLANG_WARN_COMMA = YES;
				CLANG_WARN_CONSTANT_CONVERSION = YES;
				CLANG_WARN_DEPRECATED_OBJC_IMPLEMENTATIONS = YES;
				CLANG_WARN_DIRECT_OBJC_ISA_USAGE = YES_ERROR;
				CLANG_WARN_DOCUMENTATION_COMMENTS = YES;
				CLANG_WARN_EMPTY_BODY = YES;
				CLANG_WARN_ENUM_CONVERSION = YES;
				CLANG_WARN_INFINITE_RECURSION = YES;
				CLANG_WARN_INT_CONVERSION = YES;
				CLANG_WARN_NON_LITERAL_NULL_CONVERSION = YES;
				CLANG_WARN_OBJC_IMPLICIT_RETAIN_SELF = YES;
				CLANG_WARN_OBJC_LITERAL_CONVERSION = YES;
				CLANG_WARN_OBJC_ROOT_CLASS = YES_ERROR;
				CLANG_WARN_RANGE_LOOP_ANALYSIS = YES;
				CLANG_WARN_STRICT_PROTOTYPES = YES;
				CLANG_WARN_SUSPICIOUS_MOVE = YES;
				CLANG_WARN_UNGUARDED_AVAILABILITY = YES_AGGRESSIVE;
				CLANG_WARN_UNREACHABLE_CODE = YES;
				CLANG_WARN__DUPLICATE_METHOD_MATCH = YES;
				COPY_PHASE_STRIP = NO;
				DEBUG_INFORMATION_FORMAT = dwarf;
				ENABLE_STRICT_OBJC_MSGSEND = YES;
				ENABLE_TESTABILITY = YES;
				GCC_C_LANGUAGE_STANDARD = gnu11;
				GCC_DYNAMIC_NO_PIC = NO;
				GCC_NO_COMMON_BLOCKS = YES;
				GCC_OPTIMIZATION_LEVEL = 0;
				GCC_PREPROCESSOR_DEFINITIONS = (
					"DEBUG=1",
					"$(inherited)",
				);
				GCC_WARN_64_TO_32_BIT_CONVERSION = YES;
				GCC_WARN_ABOUT_RETURN_TYPE = YES_ERROR;
				GCC_WARN_UNDECLARED_SELECTOR = YES;
				GCC_WARN_UNINITIALIZED_AUTOS = YES_AGGRESSIVE;
				GCC_WARN_UNUSED_FUNCTION = YES;
				GCC_WARN_UNUSED_VARIABLE = YES;
				MACOSX_DEPLOYMENT_TARGET = 10.15;
				MTL_ENABLE_DEBUG_INFO = INCLUDE_SOURCE;
				MTL_FAST_MATH = YES;
				ONLY_ACTIVE_ARCH = YES;
				SDKROOT = macosx;
				SWIFT_ACTIVE_COMPILATION_CONDITIONS = DEBUG;
				SWIFT_OPTIMIZATION_LEVEL = "-Onone";
			};
			name = Debug;
		};
		D7EC197B2625EC3E000FAC42 /* Release */ = {
			isa = XCBuildConfiguration;
			buildSettings = {
				ALWAYS_SEARCH_USER_PATHS = NO;
				CLANG_ANALYZER_NONNULL = YES;
				CLANG_ANALYZER_NUMBER_OBJECT_CONVERSION = YES_AGGRESSIVE;
				CLANG_CXX_LANGUAGE_STANDARD = "gnu++14";
				CLANG_CXX_LIBRARY = "libc++";
				CLANG_ENABLE_MODULES = YES;
				CLANG_ENABLE_OBJC_ARC = YES;
				CLANG_ENABLE_OBJC_WEAK = YES;
				CLANG_WARN_BLOCK_CAPTURE_AUTORELEASING = YES;
				CLANG_WARN_BOOL_CONVERSION = YES;
				CLANG_WARN_COMMA = YES;
				CLANG_WARN_CONSTANT_CONVERSION = YES;
				CLANG_WARN_DEPRECATED_OBJC_IMPLEMENTATIONS = YES;
				CLANG_WARN_DIRECT_OBJC_ISA_USAGE = YES_ERROR;
				CLANG_WARN_DOCUMENTATION_COMMENTS = YES;
				CLANG_WARN_EMPTY_BODY = YES;
				CLANG_WARN_ENUM_CONVERSION = YES;
				CLANG_WARN_INFINITE_RECURSION = YES;
				CLANG_WARN_INT_CONVERSION = YES;
				CLANG_WARN_NON_LITERAL_NULL_CONVERSION = YES;
				CLANG_WARN_OBJC_IMPLICIT_RETAIN_SELF = YES;
				CLANG_WARN_OBJC_LITERAL_CONVERSION = YES;
				CLANG_WARN_OBJC_ROOT_CLASS = YES_ERROR;
				CLANG_WARN_RANGE_LOOP_ANALYSIS = YES;
				CLANG_WARN_STRICT_PROTOTYPES = YES;
				CLANG_WARN_SUSPICIOUS_MOVE = YES;
				CLANG_WARN_UNGUARDED_AVAILABILITY = YES_AGGRESSIVE;
				CLANG_WARN_UNREACHABLE_CODE = YES;
				CLANG_WARN__DUPLICATE_METHOD_MATCH = YES;
				COPY_PHASE_STRIP = NO;
				DEBUG_INFORMATION_FORMAT = "dwarf-with-dsym";
				ENABLE_NS_ASSERTIONS = NO;
				ENABLE_STRICT_OBJC_MSGSEND = YES;
				GCC_C_LANGUAGE_STANDARD = gnu11;
				GCC_NO_COMMON_BLOCKS = YES;
				GCC_WARN_64_TO_32_BIT_CONVERSION = YES;
				GCC_WARN_ABOUT_RETURN_TYPE = YES_ERROR;
				GCC_WARN_UNDECLARED_SELECTOR = YES;
				GCC_WARN_UNINITIALIZED_AUTOS = YES_AGGRESSIVE;
				GCC_WARN_UNUSED_FUNCTION = YES;
				GCC_WARN_UNUSED_VARIABLE = YES;
				MACOSX_DEPLOYMENT_TARGET = 10.15;
				MTL_ENABLE_DEBUG_INFO = NO;
				MTL_FAST_MATH = YES;
				SDKROOT = macosx;
				SWIFT_COMPILATION_MODE = wholemodule;
				SWIFT_OPTIMIZATION_LEVEL = "-O";
			};
			name = Release;
		};
		D7EC197D2625EC3E000FAC42 /* Debug */ = {
			isa = XCBuildConfiguration;
			buildSettings = {
				ASSETCATALOG_COMPILER_APPICON_NAME = AppIcon;
				CODE_SIGN_ENTITLEMENTS = iTermAppScriptPersistence/iTermAppScriptPersistence.entitlements;
				CODE_SIGN_STYLE = Automatic;
				COMBINE_HIDPI_IMAGES = YES;
				DEVELOPMENT_TEAM = HRYGRPW472;
				ENABLE_HARDENED_RUNTIME = YES;
				INFOPLIST_FILE = iTermAppScriptPersistence/Info.plist;
				LD_RUNPATH_SEARCH_PATHS = (
					"$(inherited)",
					"@executable_path/../Frameworks",
				);
				PRODUCT_BUNDLE_IDENTIFIER = Dev.iTermAppScriptPersistence;
				PRODUCT_NAME = "$(TARGET_NAME)";
				SWIFT_VERSION = 5.0;
			};
			name = Debug;
		};
		D7EC197E2625EC3E000FAC42 /* Release */ = {
			isa = XCBuildConfiguration;
			buildSettings = {
				ASSETCATALOG_COMPILER_APPICON_NAME = AppIcon;
				CODE_SIGN_ENTITLEMENTS = iTermAppScriptPersistence/iTermAppScriptPersistence.entitlements;
				CODE_SIGN_STYLE = Automatic;
				COMBINE_HIDPI_IMAGES = YES;
				DEVELOPMENT_TEAM = HRYGRPW472;
				ENABLE_HARDENED_RUNTIME = YES;
				INFOPLIST_FILE = iTermAppScriptPersistence/Info.plist;
				LD_RUNPATH_SEARCH_PATHS = (
					"$(inherited)",
					"@executable_path/../Frameworks",
				);
				PRODUCT_BUNDLE_IDENTIFIER = Dev.iTermAppScriptPersistence;
				PRODUCT_NAME = "$(TARGET_NAME)";
				SWIFT_VERSION = 5.0;
			};
			name = Release;
		};
		D7EC19802625EC3E000FAC42 /* Debug */ = {
			isa = XCBuildConfiguration;
			buildSettings = {
				ALWAYS_EMBED_SWIFT_STANDARD_LIBRARIES = YES;
				BUNDLE_LOADER = "$(TEST_HOST)";
				CODE_SIGN_STYLE = Automatic;
				COMBINE_HIDPI_IMAGES = YES;
				DEVELOPMENT_TEAM = HRYGRPW472;
				INFOPLIST_FILE = iTermAppScriptPersistenceTests/Info.plist;
				LD_RUNPATH_SEARCH_PATHS = (
					"$(inherited)",
					"@executable_path/../Frameworks",
					"@loader_path/../Frameworks",
				);
				MACOSX_DEPLOYMENT_TARGET = 10.15;
				PRODUCT_BUNDLE_IDENTIFIER = Dev.iTermAppScriptPersistenceTests;
				PRODUCT_NAME = "$(TARGET_NAME)";
				SWIFT_VERSION = 5.0;
				TEST_HOST = "$(BUILT_PRODUCTS_DIR)/iTermAppScriptPersistence.app/Contents/MacOS/iTermAppScriptPersistence";
			};
			name = Debug;
		};
		D7EC19812625EC3E000FAC42 /* Release */ = {
			isa = XCBuildConfiguration;
			buildSettings = {
				ALWAYS_EMBED_SWIFT_STANDARD_LIBRARIES = YES;
				BUNDLE_LOADER = "$(TEST_HOST)";
				CODE_SIGN_STYLE = Automatic;
				COMBINE_HIDPI_IMAGES = YES;
				DEVELOPMENT_TEAM = HRYGRPW472;
				INFOPLIST_FILE = iTermAppScriptPersistenceTests/Info.plist;
				LD_RUNPATH_SEARCH_PATHS = (
					"$(inherited)",
					"@executable_path/../Frameworks",
					"@loader_path/../Frameworks",
				);
				MACOSX_DEPLOYMENT_TARGET = 10.15;
				PRODUCT_BUNDLE_IDENTIFIER = Dev.iTermAppScriptPersistenceTests;
				PRODUCT_NAME = "$(TARGET_NAME)";
				SWIFT_VERSION = 5.0;
				TEST_HOST = "$(BUILT_PRODUCTS_DIR)/iTermAppScriptPersistence.app/Contents/MacOS/iTermAppScriptPersistence";
			};
			name = Release;
		};
		D7EC19832625EC3E000FAC42 /* Debug */ = {
			isa = XCBuildConfiguration;
			buildSettings = {
				ALWAYS_EMBED_SWIFT_STANDARD_LIBRARIES = YES;
				CODE_SIGN_STYLE = Automatic;
				COMBINE_HIDPI_IMAGES = YES;
				DEVELOPMENT_TEAM = HRYGRPW472;
				INFOPLIST_FILE = iTermAppScriptPersistenceUITests/Info.plist;
				LD_RUNPATH_SEARCH_PATHS = (
					"$(inherited)",
					"@executable_path/../Frameworks",
					"@loader_path/../Frameworks",
				);
				PRODUCT_BUNDLE_IDENTIFIER = Dev.iTermAppScriptPersistenceUITests;
				PRODUCT_NAME = "$(TARGET_NAME)";
				SWIFT_VERSION = 5.0;
				TEST_TARGET_NAME = iTermAppScriptPersistence;
			};
			name = Debug;
		};
		D7EC19842625EC3E000FAC42 /* Release */ = {
			isa = XCBuildConfiguration;
			buildSettings = {
				ALWAYS_EMBED_SWIFT_STANDARD_LIBRARIES = YES;
				CODE_SIGN_STYLE = Automatic;
				COMBINE_HIDPI_IMAGES = YES;
				DEVELOPMENT_TEAM = HRYGRPW472;
				INFOPLIST_FILE = iTermAppScriptPersistenceUITests/Info.plist;
				LD_RUNPATH_SEARCH_PATHS = (
					"$(inherited)",
					"@executable_path/../Frameworks",
					"@loader_path/../Frameworks",
				);
				PRODUCT_BUNDLE_IDENTIFIER = Dev.iTermAppScriptPersistenceUITests;
				PRODUCT_NAME = "$(TARGET_NAME)";
				SWIFT_VERSION = 5.0;
				TEST_TARGET_NAME = iTermAppScriptPersistence;
			};
			name = Release;
		};
/* End XCBuildConfiguration section */

/* Begin XCConfigurationList section */
		D7EC19512625EC3A000FAC42 /* Build configuration list for PBXProject "iTermAppScriptPersistence" */ = {
			isa = XCConfigurationList;
			buildConfigurations = (
				D7EC197A2625EC3E000FAC42 /* Debug */,
				D7EC197B2625EC3E000FAC42 /* Release */,
			);
			defaultConfigurationIsVisible = 0;
			defaultConfigurationName = Release;
		};
		D7EC197C2625EC3E000FAC42 /* Build configuration list for PBXNativeTarget "iTermAppScriptPersistence" */ = {
			isa = XCConfigurationList;
			buildConfigurations = (
				D7EC197D2625EC3E000FAC42 /* Debug */,
				D7EC197E2625EC3E000FAC42 /* Release */,
			);
			defaultConfigurationIsVisible = 0;
			defaultConfigurationName = Release;
		};
		D7EC197F2625EC3E000FAC42 /* Build configuration list for PBXNativeTarget "iTermAppScriptPersistenceTests" */ = {
			isa = XCConfigurationList;
			buildConfigurations = (
				D7EC19802625EC3E000FAC42 /* Debug */,
				D7EC19812625EC3E000FAC42 /* Release */,
			);
			defaultConfigurationIsVisible = 0;
			defaultConfigurationName = Release;
		};
		D7EC19822625EC3E000FAC42 /* Build configuration list for PBXNativeTarget "iTermAppScriptPersistenceUITests" */ = {
			isa = XCConfigurationList;
			buildConfigurations = (
				D7EC19832625EC3E000FAC42 /* Debug */,
				D7EC19842625EC3E000FAC42 /* Release */,
			);
			defaultConfigurationIsVisible = 0;
			defaultConfigurationName = Release;
		};
/* End XCConfigurationList section */
	};
	rootObject = D7EC194E2625EC3A000FAC42 /* Project object */;
}
